// !$*UTF8*$!
{
	archiveVersion = 1;
	classes = {
	};
	objectVersion = 46;
	objects = {

/* Begin PBXBuildFile section */
		CB1EDC7E1E0C2A3D00C77207 /* AppDelegate.swift in Sources */ = {isa = PBXBuildFile; fileRef = CB1EDC7D1E0C2A3D00C77207 /* AppDelegate.swift */; };
		CB1EDC801E0C2A3D00C77207 /* ViewController.swift in Sources */ = {isa = PBXBuildFile; fileRef = CB1EDC7F1E0C2A3D00C77207 /* ViewController.swift */; };
		CB1EDC831E0C2A3D00C77207 /* Main.storyboard in Resources */ = {isa = PBXBuildFile; fileRef = CB1EDC811E0C2A3D00C77207 /* Main.storyboard */; };
		CB1EDC851E0C2A3D00C77207 /* Assets.xcassets in Resources */ = {isa = PBXBuildFile; fileRef = CB1EDC841E0C2A3D00C77207 /* Assets.xcassets */; };
		CB1EDC881E0C2A3D00C77207 /* LaunchScreen.storyboard in Resources */ = {isa = PBXBuildFile; fileRef = CB1EDC861E0C2A3D00C77207 /* LaunchScreen.storyboard */; };
/* End PBXBuildFile section */

/* Begin PBXFileReference section */
		CB1EDC7A1E0C2A3D00C77207 /* RevGeoTest.app */ = {isa = PBXFileReference; explicitFileType = wrapper.application; includeInIndex = 0; path = RevGeoTest.app; sourceTree = BUILT_PRODUCTS_DIR; };
		CB1EDC7D1E0C2A3D00C77207 /* AppDelegate.swift */ = {isa = PBXFileReference; lastKnownFileType = sourcecode.swift; path = AppDelegate.swift; sourceTree = "<group>"; };
		CB1EDC7F1E0C2A3D00C77207 /* ViewController.swift */ = {isa = PBXFileReference; lastKnownFileType = sourcecode.swift; path = ViewController.swift; sourceTree = "<group>"; };
		CB1EDC821E0C2A3D00C77207 /* Base */ = {isa = PBXFileReference; lastKnownFileType = file.storyboard; name = Base; path = Base.lproj/Main.storyboard; sourceTree = "<group>"; };
		CB1EDC841E0C2A3D00C77207 /* Assets.xcassets */ = {isa = PBXFileReference; lastKnownFileType = folder.assetcatalog; path = Assets.xcassets; sourceTree = "<group>"; };
		CB1EDC871E0C2A3D00C77207 /* Base */ = {isa = PBXFileReference; lastKnownFileType = file.storyboard; name = Base; path = Base.lproj/LaunchScreen.storyboard; sourceTree = "<group>"; };
		CB1EDC891E0C2A3D00C77207 /* Info.plist */ = {isa = PBXFileReference; lastKnownFileType = text.plist.xml; path = Info.plist; sourceTree = "<group>"; };
/* End PBXFileReference section */

/* Begin PBXFrameworksBuildPhase section */
		CB1EDC771E0C2A3D00C77207 /* Frameworks */ = {
			isa = PBXFrameworksBuildPhase;
			buildActionMask = 2147483647;
			files = (
			);
			runOnlyForDeploymentPostprocessing = 0;
		};
/* End PBXFrameworksBuildPhase section */

/* Begin PBXGroup section */
		CB1EDC711E0C2A3D00C77207 = {
			isa = PBXGroup;
			children = (
				CB1EDC7C1E0C2A3D00C77207 /* RevGeoTest */,
				CB1EDC7B1E0C2A3D00C77207 /* Products */,
			);
			sourceTree = "<group>";
		};
		CB1EDC7B1E0C2A3D00C77207 /* Products */ = {
			isa = PBXGroup;
			children = (
				CB1EDC7A1E0C2A3D00C77207 /* RevGeoTest.app */,
			);
			name = Products;
			sourceTree = "<group>";
		};
		CB1EDC7C1E0C2A3D00C77207 /* RevGeoTest */ = {
			isa = PBXGroup;
			children = (
				CB1EDC7D1E0C2A3D00C77207 /* AppDelegate.swift */,
				CB1EDC7F1E0C2A3D00C77207 /* ViewController.swift */,
				CB1EDC811E0C2A3D00C77207 /* Main.storyboard */,
				CB1EDC841E0C2A3D00C77207 /* Assets.xcassets */,
				CB1EDC861E0C2A3D00C77207 /* LaunchScreen.storyboard */,
				CB1EDC891E0C2A3D00C77207 /* Info.plist */,
			);
			path = RevGeoTest;
			sourceTree = "<group>";
		};
/* End PBXGroup section */

/* Begin PBXNativeTarget section */
		CB1EDC791E0C2A3D00C77207 /* RevGeoTest */ = {
			isa = PBXNativeTarget;
			buildConfigurationList = CB1EDC8C1E0C2A3D00C77207 /* Build configuration list for PBXNativeTarget "RevGeoTest" */;
			buildPhases = (
				CB1EDC761E0C2A3D00C77207 /* Sources */,
				CB1EDC771E0C2A3D00C77207 /* Frameworks */,
				CB1EDC781E0C2A3D00C77207 /* Resources */,
			);
			buildRules = (
			);
			dependencies = (
			);
			name = RevGeoTest;
			productName = RevGeoTest;
			productReference = CB1EDC7A1E0C2A3D00C77207 /* RevGeoTest.app */;
			productType = "com.apple.product-type.application";
		};
/* End PBXNativeTarget section */

/* Begin PBXProject section */
		CB1EDC721E0C2A3D00C77207 /* Project object */ = {
			isa = PBXProject;
			attributes = {
				LastSwiftUpdateCheck = 0820;
				LastUpgradeCheck = 0820;
				ORGANIZATIONNAME = "Alexander von Below";
				TargetAttributes = {
					CB1EDC791E0C2A3D00C77207 = {
						CreatedOnToolsVersion = 8.2;
						DevelopmentTeam = M3DTZN9V9B;
						ProvisioningStyle = Automatic;
					};
				};
			};
			buildConfigurationList = CB1EDC751E0C2A3D00C77207 /* Build configuration list for PBXProject "RevGeoTest" */;
			compatibilityVersion = "Xcode 3.2";
			developmentRegion = English;
			hasScannedForEncodings = 0;
			knownRegions = (
				en,
				Base,
			);
			mainGroup = CB1EDC711E0C2A3D00C77207;
			productRefGroup = CB1EDC7B1E0C2A3D00C77207 /* Products */;
			projectDirPath = "";
			projectRoot = "";
			targets = (
				CB1EDC791E0C2A3D00C77207 /* RevGeoTest */,
			);
		};
/* End PBXProject section */

/* Begin PBXResourcesBuildPhase section */
		CB1EDC781E0C2A3D00C77207 /* Resources */ = {
			isa = PBXResourcesBuildPhase;
			buildActionMask = 2147483647;
			files = (
				CB1EDC881E0C2A3D00C77207 /* LaunchScreen.storyboard in Resources */,
				CB1EDC851E0C2A3D00C77207 /* Assets.xcassets in Resources */,
				CB1EDC831E0C2A3D00C77207 /* Main.storyboard in Resources */,
			);
			runOnlyForDeploymentPostprocessing = 0;
		};
/* End PBXResourcesBuildPhase section */

/* Begin PBXSourcesBuildPhase section */
		CB1EDC761E0C2A3D00C77207 /* Sources */ = {
			isa = PBXSourcesBuildPhase;
			buildActionMask = 2147483647;
			files = (
				CB1EDC801E0C2A3D00C77207 /* ViewController.swift in Sources */,
				CB1EDC7E1E0C2A3D00C77207 /* AppDelegate.swift in Sources */,
			);
			runOnlyForDeploymentPostprocessing = 0;
		};
/* End PBXSourcesBuildPhase section */

/* Begin PBXVariantGroup section */
		CB1EDC811E0C2A3D00C77207 /* Main.storyboard */ = {
			isa = PBXVariantGroup;
			children = (
				CB1EDC821E0C2A3D00C77207 /* Base */,
			);
			name = Main.storyboard;
			sourceTree = "<group>";
		};
		CB1EDC861E0C2A3D00C77207 /* LaunchScreen.storyboard */ = {
			isa = PBXVariantGroup;
			children = (
				CB1EDC871E0C2A3D00C77207 /* Base */,
			);
			name = LaunchScreen.storyboard;
			sourceTree = "<group>";
		};
/* End PBXVariantGroup section */

/* Begin XCBuildConfiguration section */
		CB1EDC8A1E0C2A3D00C77207 /* Debug */ = {
			isa = XCBuildConfiguration;
			buildSettings = {
				ALWAYS_SEARCH_USER_PATHS = NO;
				CLANG_ANALYZER_NONNULL = YES;
				CLANG_CXX_LANGUAGE_STANDARD = "gnu++0x";
				CLANG_CXX_LIBRARY = "libc++";
				CLANG_ENABLE_MODULES = YES;
				CLANG_ENABLE_OBJC_ARC = YES;
				CLANG_WARN_BOOL_CONVERSION = YES;
				CLANG_WARN_CONSTANT_CONVERSION = YES;
				CLANG_WARN_DIRECT_OBJC_ISA_USAGE = YES_ERROR;
				CLANG_WARN_DOCUMENTATION_COMMENTS = YES;
				CLANG_WARN_EMPTY_BODY = YES;
				CLANG_WARN_ENUM_CONVERSION = YES;
				CLANG_WARN_INFINITE_RECURSION = YES;
				CLANG_WARN_INT_CONVERSION = YES;
				CLANG_WARN_OBJC_ROOT_CLASS = YES_ERROR;
				CLANG_WARN_SUSPICIOUS_MOVE = YES;
				CLANG_WARN_UNREACHABLE_CODE = YES;
				CLANG_WARN__DUPLICATE_METHOD_MATCH = YES;
				"CODE_SIGN_IDENTITY[sdk=iphoneos*]" = "iPhone Developer";
				COPY_PHASE_STRIP = NO;
				DEBUG_INFORMATION_FORMAT = dwarf;
				ENABLE_STRICT_OBJC_MSGSEND = YES;
				ENABLE_TESTABILITY = YES;
				GCC_C_LANGUAGE_STANDARD = gnu99;
				GCC_DYNAMIC_NO_PIC = NO;
				GCC_NO_COMMON_BLOCKS = YES;
				GCC_OPTIMIZATION_LEVEL = 0;
				GCC_PREPROCESSOR_DEFINITIONS = (
					"DEBUG=1",
					"$(inherited)",
				);
				GCC_WARN_64_TO_32_BIT_CONVERSION = YES;
				GCC_WARN_ABOUT_RETURN_TYPE = YES_ERROR;
				GCC_WARN_UNDECLARED_SELECTOR = YES;
				GCC_WARN_UNINITIALIZED_AUTOS = YES_AGGRESSIVE;
				GCC_WARN_UNUSED_FUNCTION = YES;
				GCC_WARN_UNUSED_VARIABLE = YES;
				IPHONEOS_DEPLOYMENT_TARGET = 10.2;
				MTL_ENABLE_DEBUG_INFO = YES;
				ONLY_ACTIVE_ARCH = YES;
				SDKROOT = iphoneos;
				SWIFT_ACTIVE_COMPILATION_CONDITIONS = DEBUG;
				SWIFT_OPTIMIZATION_LEVEL = "-Onone";
			};
			name = Debug;
		};
		CB1EDC8B1E0C2A3D00C77207 /* Release */ = {
			isa = XCBuildConfiguration;
			buildSettings = {
				ALWAYS_SEARCH_USER_PATHS = NO;
				CLANG_ANALYZER_NONNULL = YES;
				CLANG_CXX_LANGUAGE_STANDARD = "gnu++0x";
				CLANG_CXX_LIBRARY = "libc++";
				CLANG_ENABLE_MODULES = YES;
				CLANG_ENABLE_OBJC_ARC = YES;
				CLANG_WARN_BOOL_CONVERSION = YES;
				CLANG_WARN_CONSTANT_CONVERSION = YES;
				CLANG_WARN_DIRECT_OBJC_ISA_USAGE = YES_ERROR;
				CLANG_WARN_DOCUMENTATION_COMMENTS = YES;
				CLANG_WARN_EMPTY_BODY = YES;
				CLANG_WARN_ENUM_CONVERSION = YES;
				CLANG_WARN_INFINITE_RECURSION = YES;
				CLANG_WARN_INT_CONVERSION = YES;
				CLANG_WARN_OBJC_ROOT_CLASS = YES_ERROR;
				CLANG_WARN_SUSPICIOUS_MOVE = YES;
				CLANG_WARN_UNREACHABLE_CODE = YES;
				CLANG_WARN__DUPLICATE_METHOD_MATCH = YES;
				"CODE_SIGN_IDENTITY[sdk=iphoneos*]" = "iPhone Developer";
				COPY_PHASE_STRIP = NO;
				DEBUG_INFORMATION_FORMAT = "dwarf-with-dsym";
				ENABLE_NS_ASSERTIONS = NO;
				ENABLE_STRICT_OBJC_MSGSEND = YES;
				GCC_C_LANGUAGE_STANDARD = gnu99;
				GCC_NO_COMMON_BLOCKS = YES;
				GCC_WARN_64_TO_32_BIT_CONVERSION = YES;
				GCC_WARN_ABOUT_RETURN_TYPE = YES_ERROR;
				GCC_WARN_UNDECLARED_SELECTOR = YES;
				GCC_WARN_UNINITIALIZED_AUTOS = YES_AGGRESSIVE;
				GCC_WARN_UNUSED_FUNCTION = YES;
				GCC_WARN_UNUSED_VARIABLE = YES;
				IPHONEOS_DEPLOYMENT_TARGET = 10.2;
				MTL_ENABLE_DEBUG_INFO = NO;
				SDKROOT = iphoneos;
				SWIFT_OPTIMIZATION_LEVEL = "-Owholemodule";
				VALIDATE_PRODUCT = YES;
			};
			name = Release;
		};
		CB1EDC8D1E0C2A3D00C77207 /* Debug */ = {
			isa = XCBuildConfiguration;
			buildSettings = {
				ASSETCATALOG_COMPILER_APPICON_NAME = AppIcon;
				DEVELOPMENT_TEAM = M3DTZN9V9B;
				INFOPLIST_FILE = RevGeoTest/Info.plist;
				LD_RUNPATH_SEARCH_PATHS = "$(inherited) @executable_path/Frameworks";
				PRODUCT_BUNDLE_IDENTIFIER = com.vonbelow.RevGeoTest;
				PRODUCT_NAME = "$(TARGET_NAME)";
				SWIFT_VERSION = 3.0;
			};
			name = Debug;
		};
		CB1EDC8E1E0C2A3D00C77207 /* Release */ = {
			isa = XCBuildConfiguration;
			buildSettings = {
				ASSETCATALOG_COMPILER_APPICON_NAME = AppIcon;
				DEVELOPMENT_TEAM = M3DTZN9V9B;
				INFOPLIST_FILE = RevGeoTest/Info.plist;
				LD_RUNPATH_SEARCH_PATHS = "$(inherited) @executable_path/Frameworks";
				PRODUCT_BUNDLE_IDENTIFIER = com.vonbelow.RevGeoTest;
				PRODUCT_NAME = "$(TARGET_NAME)";
				SWIFT_VERSION = 3.0;
			};
			name = Release;
		};
/* End XCBuildConfiguration section */

/* Begin XCConfigurationList section */
		CB1EDC751E0C2A3D00C77207 /* Build configuration list for PBXProject "RevGeoTest" */ = {
			isa = XCConfigurationList;
			buildConfigurations = (
				CB1EDC8A1E0C2A3D00C77207 /* Debug */,
				CB1EDC8B1E0C2A3D00C77207 /* Release */,
			);
			defaultConfigurationIsVisible = 0;
			defaultConfigurationName = Release;
		};
		CB1EDC8C1E0C2A3D00C77207 /* Build configuration list for PBXNativeTarget "RevGeoTest" */ = {
			isa = XCConfigurationList;
			buildConfigurations = (
				CB1EDC8D1E0C2A3D00C77207 /* Debug */,
				CB1EDC8E1E0C2A3D00C77207 /* Release */,
			);
			defaultConfigurationIsVisible = 0;
		};
/* End XCConfigurationList section */
	};
	rootObject = CB1EDC721E0C2A3D00C77207 /* Project object */;
}
